
Microsoft Visual Studio Solution File, Format Version 12.00
# Visual Studio Version 16
VisualStudioVersion = 16.0.30114.105
MinimumVisualStudioVersion = 10.0.40219.1
Project("{FAE04EC0-301F-11D3-BF4B-00C04F79EFBC}") = "circuit_breaker_pattern", "circuit_breaker_pattern\circuit_breaker_pattern.csproj", "{37B27601-5DC2-4DE6-BF03-02479A9F1DC6}"
EndProject
Project("{FAE04EC0-301F-11D3-BF4B-00C04F79EFBC}") = "bulkhead_pattern", "bulkhead_pattern\bulkhead_pattern.csproj", "{D1E3D522-7FB2-4C9F-BD21-8B25AAE30046}"
EndProject
Global
	GlobalSection(SolutionConfigurationPlatforms) = preSolution
		Debug|Any CPU = Debug|Any CPU
		Debug|x64 = Debug|x64
		Debug|x86 = Debug|x86
		Release|Any CPU = Release|Any CPU
		Release|x64 = Release|x64
		Release|x86 = Release|x86
	EndGlobalSection
	GlobalSection(SolutionProperties) = preSolution
		HideSolutionNode = FALSE
	EndGlobalSection
	GlobalSection(ProjectConfigurationPlatforms) = postSolution
		{37B27601-5DC2-4DE6-BF03-02479A9F1DC6}.Debug|Any CPU.ActiveCfg = Debug|Any CPU
		{37B27601-5DC2-4DE6-BF03-02479A9F1DC6}.Debug|Any CPU.Build.0 = Debug|Any CPU
		{37B27601-5DC2-4DE6-BF03-02479A9F1DC6}.Debug|x64.ActiveCfg = Debug|Any CPU
		{37B27601-5DC2-4DE6-BF03-02479A9F1DC6}.Debug|x64.Build.0 = Debug|Any CPU
		{37B27601-5DC2-4DE6-BF03-02479A9F1DC6}.Debug|x86.ActiveCfg = Debug|Any CPU
		{37B27601-5DC2-4DE6-BF03-02479A9F1DC6}.Debug|x86.Build.0 = Debug|Any CPU
		{37B27601-5DC2-4DE6-BF03-02479A9F1DC6}.Release|Any CPU.ActiveCfg = Release|Any CPU
		{37B27601-5DC2-4DE6-BF03-02479A9F1DC6}.Release|Any CPU.Build.0 = Release|Any CPU
		{37B27601-5DC2-4DE6-BF03-02479A9F1DC6}.Release|x64.ActiveCfg = Release|Any CPU
		{37B27601-5DC2-4DE6-BF03-02479A9F1DC6}.Release|x64.Build.0 = Release|Any CPU
		{37B27601-5DC2-4DE6-BF03-02479A9F1DC6}.Release|x86.ActiveCfg = Release|Any CPU
		{37B27601-5DC2-4DE6-BF03-02479A9F1DC6}.Release|x86.Build.0 = Release|Any CPU
		{D1E3D522-7FB2-4C9F-BD21-8B25AAE30046}.Debug|Any CPU.ActiveCfg = Debug|Any CPU
		{D1E3D522-7FB2-4C9F-BD21-8B25AAE30046}.Debug|Any CPU.Build.0 = Debug|Any CPU
		{D1E3D522-7FB2-4C9F-BD21-8B25AAE30046}.Debug|x64.ActiveCfg = Debug|Any CPU
		{D1E3D522-7FB2-4C9F-BD21-8B25AAE30046}.Debug|x64.Build.0 = Debug|Any CPU
		{D1E3D522-7FB2-4C9F-BD21-8B25AAE30046}.Debug|x86.ActiveCfg = Debug|Any CPU
		{D1E3D522-7FB2-4C9F-BD21-8B25AAE30046}.Debug|x86.Build.0 = Debug|Any CPU
		{D1E3D522-7FB2-4C9F-BD21-8B25AAE30046}.Release|Any CPU.ActiveCfg = Release|Any CPU
		{D1E3D522-7FB2-4C9F-BD21-8B25AAE30046}.Release|Any CPU.Build.0 = Release|Any CPU
		{D1E3D522-7FB2-4C9F-BD21-8B25AAE30046}.Release|x64.ActiveCfg = Release|Any CPU
		{D1E3D522-7FB2-4C9F-BD21-8B25AAE30046}.Release|x64.Build.0 = Release|Any CPU
		{D1E3D522-7FB2-4C9F-BD21-8B25AAE30046}.Release|x86.ActiveCfg = Release|Any CPU
		{D1E3D522-7FB2-4C9F-BD21-8B25AAE30046}.Release|x86.Build.0 = Release|Any CPU
	EndGlobalSection
EndGlobal
